
Microsoft Visual Studio Solution File, Format Version 12.00
# Visual Studio Version 16
VisualStudioVersion = 16.0.29613.14
MinimumVisualStudioVersion = 10.0.40219.1
Project("{FAE04EC0-301F-11D3-BF4B-00C04F79EFBC}") = "CustomAlertBoxDemo", "CustomAlertBoxDemo\CustomAlertBoxDemo.csproj", "{9FF3BAA5-3377-496A-810F-06531B747CF7}"
EndProject
Project("{FAE04EC0-301F-11D3-BF4B-00C04F79EFBC}") = "custom_alert_notifications", "custom_alert_notifications\custom_alert_notifications.csproj", "{7D24FBB8-9B3C-4291-A9E0-3A3EBCDD2FE9}"
EndProject
Global
	GlobalSection(SolutionConfigurationPlatforms) = preSolution
		Debug|Any CPU = Debug|Any CPU
		Release|Any CPU = Release|Any CPU
	EndGlobalSection
	GlobalSection(ProjectConfigurationPlatforms) = postSolution
		{9FF3BAA5-3377-496A-810F-06531B747CF7}.Debug|Any CPU.ActiveCfg = Debug|Any CPU
		{9FF3BAA5-3377-496A-810F-06531B747CF7}.Debug|Any CPU.Build.0 = Debug|Any CPU
		{9FF3BAA5-3377-496A-810F-06531B747CF7}.Release|Any CPU.ActiveCfg = Release|Any CPU
		{9FF3BAA5-3377-496A-810F-06531B747CF7}.Release|Any CPU.Build.0 = Release|Any CPU
		{7D24FBB8-9B3C-4291-A9E0-3A3EBCDD2FE9}.Debug|Any CPU.ActiveCfg = Debug|Any CPU
		{7D24FBB8-9B3C-4291-A9E0-3A3EBCDD2FE9}.Debug|Any CPU.Build.0 = Debug|Any CPU
		{7D24FBB8-9B3C-4291-A9E0-3A3EBCDD2FE9}.Release|Any CPU.ActiveCfg = Release|Any CPU
		{7D24FBB8-9B3C-4291-A9E0-3A3EBCDD2FE9}.Release|Any CPU.Build.0 = Release|Any CPU
	EndGlobalSection
	GlobalSection(SolutionProperties) = preSolution
		HideSolutionNode = FALSE
	EndGlobalSection
	GlobalSection(ExtensibilityGlobals) = postSolution
		SolutionGuid = {3414CAE0-1A2E-4647-B9DB-D061E818B98C}
	EndGlobalSection
EndGlobal
